
Microsoft Visual Studio Solution File, Format Version 12.00
# Visual Studio Version 16
VisualStudioVersion = 16.0.31005.135
MinimumVisualStudioVersion = 10.0.40219.1
Project("{FAE04EC0-301F-11D3-BF4B-00C04F79EFBC}") = "ThreadCancellation", "ThreadCancellation\ThreadCancellation.csproj", "{39BFC424-9997-4986-9DFD-639EF71D7D39}"
EndProject
Global
	GlobalSection(SolutionConfigurationPlatforms) = preSolution
		Debug|Any CPU = Debug|Any CPU
		Release|Any CPU = Release|Any CPU
	EndGlobalSection
	GlobalSection(ProjectConfigurationPlatforms) = postSolution
		{39BFC424-9997-4986-9DFD-639EF71D7D39}.Debug|Any CPU.ActiveCfg = Debug|Any CPU
		{39BFC424-9997-4986-9DFD-639EF71D7D39}.Debug|Any CPU.Build.0 = Debug|Any CPU
		{39BFC424-9997-4986-9DFD-639EF71D7D39}.Release|Any CPU.ActiveCfg = Release|Any CPU
		{39BFC424-9997-4986-9DFD-639EF71D7D39}.Release|Any CPU.Build.0 = Release|Any CPU
	EndGlobalSection
	GlobalSection(SolutionProperties) = preSolution
		HideSolutionNode = FALSE
	EndGlobalSection
	GlobalSection(ExtensibilityGlobals) = postSolution
		SolutionGuid = {E9DB187D-EFB8-4E1B-B438-BC26E9EA5AEB}
	EndGlobalSection
EndGlobal
